
Microsoft Visual Studio Solution File, Format Version 12.00
# Visual Studio Version 17
VisualStudioVersion = 17.10.35122.118
MinimumVisualStudioVersion = 10.0.40219.1
Project("{FAE04EC0-301F-11D3-BF4B-00C04F79EFBC}") = "Deliverable1", "Deliverable1\Deliverable1.csproj", "{637B0B17-0D4F-48BE-BB0E-E65D59105F37}"
EndProject
Global
	GlobalSection(SolutionConfigurationPlatforms) = preSolution
		Debug|Any CPU = Debug|Any CPU
		Release|Any CPU = Release|Any CPU
	EndGlobalSection
	GlobalSection(ProjectConfigurationPlatforms) = postSolution
		{637B0B17-0D4F-48BE-BB0E-E65D59105F37}.Debug|Any CPU.ActiveCfg = Debug|Any CPU
		{637B0B17-0D4F-48BE-BB0E-E65D59105F37}.Debug|Any CPU.Build.0 = Debug|Any CPU
		{637B0B17-0D4F-48BE-BB0E-E65D59105F37}.Release|Any CPU.ActiveCfg = Release|Any CPU
		{637B0B17-0D4F-48BE-BB0E-E65D59105F37}.Release|Any CPU.Build.0 = Release|Any CPU
	EndGlobalSection
	GlobalSection(SolutionProperties) = preSolution
		HideSolutionNode = FALSE
	EndGlobalSection
	GlobalSection(ExtensibilityGlobals) = postSolution
		SolutionGuid = {2097E315-8639-412C-85FB-AB45A315443D}
	EndGlobalSection
EndGlobal
